
Microsoft Visual Studio Solution File, Format Version 12.00
# Visual Studio Version 16
VisualStudioVersion = 16.0.31005.135
MinimumVisualStudioVersion = 10.0.40219.1
Project("{9A19103F-16F7-4668-BE54-9A1E7A4F7556}") = "ToDoApplication", "ToDoApplication\ToDoApplication.csproj", "{343EAB31-C676-461E-89CB-525D95FE4B3E}"
EndProject
Project("{FAE04EC0-301F-11D3-BF4B-00C04F79EFBC}") = "ToDoApplication.Tests", "ToDoApplication.Tests\ToDoApplication.Tests.csproj", "{864F60B5-9ED9-4CCE-B9B2-A55BC9BD6C92}"
EndProject
Global
	GlobalSection(SolutionConfigurationPlatforms) = preSolution
		Debug|Any CPU = Debug|Any CPU
		Release|Any CPU = Release|Any CPU
	EndGlobalSection
	GlobalSection(ProjectConfigurationPlatforms) = postSolution
		{343EAB31-C676-461E-89CB-525D95FE4B3E}.Debug|Any CPU.ActiveCfg = Debug|Any CPU
		{343EAB31-C676-461E-89CB-525D95FE4B3E}.Debug|Any CPU.Build.0 = Debug|Any CPU
		{343EAB31-C676-461E-89CB-525D95FE4B3E}.Release|Any CPU.ActiveCfg = Release|Any CPU
		{343EAB31-C676-461E-89CB-525D95FE4B3E}.Release|Any CPU.Build.0 = Release|Any CPU
		{864F60B5-9ED9-4CCE-B9B2-A55BC9BD6C92}.Debug|Any CPU.ActiveCfg = Debug|Any CPU
		{864F60B5-9ED9-4CCE-B9B2-A55BC9BD6C92}.Debug|Any CPU.Build.0 = Debug|Any CPU
		{864F60B5-9ED9-4CCE-B9B2-A55BC9BD6C92}.Release|Any CPU.ActiveCfg = Release|Any CPU
		{864F60B5-9ED9-4CCE-B9B2-A55BC9BD6C92}.Release|Any CPU.Build.0 = Release|Any CPU
	EndGlobalSection
	GlobalSection(SolutionProperties) = preSolution
		HideSolutionNode = FALSE
	EndGlobalSection
	GlobalSection(ExtensibilityGlobals) = postSolution
		SolutionGuid = {021F3615-2E6C-426C-B56C-9A6D69D41F90}
	EndGlobalSection
EndGlobal
